
Microsoft Visual Studio Solution File, Format Version 12.00
# Visual Studio Version 17
VisualStudioVersion = 17.2.32519.379
MinimumVisualStudioVersion = 10.0.40219.1
Project("{FAE04EC0-301F-11D3-BF4B-00C04F79EFBC}") = "E-shop", "E-shop.csproj", "{1224603A-8D80-485C-823E-238174927442}"
EndProject
Global
	GlobalSection(SolutionConfigurationPlatforms) = preSolution
		Debug|Any CPU = Debug|Any CPU
		Release|Any CPU = Release|Any CPU
	EndGlobalSection
	GlobalSection(ProjectConfigurationPlatforms) = postSolution
		{1224603A-8D80-485C-823E-238174927442}.Debug|Any CPU.ActiveCfg = Debug|Any CPU
		{1224603A-8D80-485C-823E-238174927442}.Debug|Any CPU.Build.0 = Debug|Any CPU
		{1224603A-8D80-485C-823E-238174927442}.Release|Any CPU.ActiveCfg = Release|Any CPU
		{1224603A-8D80-485C-823E-238174927442}.Release|Any CPU.Build.0 = Release|Any CPU
	EndGlobalSection
	GlobalSection(SolutionProperties) = preSolution
		HideSolutionNode = FALSE
	EndGlobalSection
	GlobalSection(ExtensibilityGlobals) = postSolution
		SolutionGuid = {F7094D86-C03C-4170-A7D9-12FE5A8FFC4C}
	EndGlobalSection
EndGlobal
